
Microsoft Visual Studio Solution File, Format Version 12.00
# Visual Studio 14
VisualStudioVersion = 14.0.25123.0
MinimumVisualStudioVersion = 10.0.40219.1
Project("{FAE04EC0-301F-11D3-BF4B-00C04F79EFBC}") = "Model", "Model\Model.csproj", "{2EF0A80F-BCF4-4AE1-A3A3-FC5F5DF4D17F}"
EndProject
Project("{FAE04EC0-301F-11D3-BF4B-00C04F79EFBC}") = "Web", "Web\Web.csproj", "{FFB6305C-9C42-433F-9D6E-7A6792771F96}"
EndProject
Global
	GlobalSection(SolutionConfigurationPlatforms) = preSolution
		Debug|Any CPU = Debug|Any CPU
		Release|Any CPU = Release|Any CPU
	EndGlobalSection
	GlobalSection(ProjectConfigurationPlatforms) = postSolution
		{2EF0A80F-BCF4-4AE1-A3A3-FC5F5DF4D17F}.Debug|Any CPU.ActiveCfg = Debug|Any CPU
		{2EF0A80F-BCF4-4AE1-A3A3-FC5F5DF4D17F}.Debug|Any CPU.Build.0 = Debug|Any CPU
		{2EF0A80F-BCF4-4AE1-A3A3-FC5F5DF4D17F}.Release|Any CPU.ActiveCfg = Release|Any CPU
		{2EF0A80F-BCF4-4AE1-A3A3-FC5F5DF4D17F}.Release|Any CPU.Build.0 = Release|Any CPU
		{FFB6305C-9C42-433F-9D6E-7A6792771F96}.Debug|Any CPU.ActiveCfg = Debug|Any CPU
		{FFB6305C-9C42-433F-9D6E-7A6792771F96}.Debug|Any CPU.Build.0 = Debug|Any CPU
		{FFB6305C-9C42-433F-9D6E-7A6792771F96}.Release|Any CPU.ActiveCfg = Release|Any CPU
		{FFB6305C-9C42-433F-9D6E-7A6792771F96}.Release|Any CPU.Build.0 = Release|Any CPU
	EndGlobalSection
	GlobalSection(SolutionProperties) = preSolution
		HideSolutionNode = FALSE
	EndGlobalSection
EndGlobal
